
Microsoft Visual Studio Solution File, Format Version 12.00
# Visual Studio Version 17
VisualStudioVersion = 17.6.33815.320
MinimumVisualStudioVersion = 10.0.40219.1
Project("{9A19103F-16F7-4668-BE54-9A1E7A4F7556}") = "02. Multiple Inheritance", "02. Multiple Inheritance\02. Multiple Inheritance.csproj", "{59AD6DE2-DE85-4883-8D2E-E21C59446689}"
EndProject
Project("{9A19103F-16F7-4668-BE54-9A1E7A4F7556}") = "03. Hierarchical Inheritance", "03. Hierarchical Inheritance\03. Hierarchical Inheritance.csproj", "{9EB54982-548B-4585-84D6-36B2516195B4}"
EndProject
Project("{9A19103F-16F7-4668-BE54-9A1E7A4F7556}") = "04. Random List", "04. Random List\04. Random List.csproj", "{102A19A8-D407-49A3-A879-CF03A5FE4E98}"
EndProject
Project("{9A19103F-16F7-4668-BE54-9A1E7A4F7556}") = "05. Stack of Strings", "05. Stack of Strings\05. Stack of Strings.csproj", "{D3ED87E5-010D-4C02-A582-CC7900CA3F39}"
EndProject
Project("{FAE04EC0-301F-11D3-BF4B-00C04F79EFBC}") = "01. Single Inheritance", "01. Single Inheritance\01. Single Inheritance.csproj", "{9CD5ECB7-B1DE-4D18-83A7-574053B1CA71}"
EndProject
Global
	GlobalSection(SolutionConfigurationPlatforms) = preSolution
		Debug|Any CPU = Debug|Any CPU
		Release|Any CPU = Release|Any CPU
	EndGlobalSection
	GlobalSection(ProjectConfigurationPlatforms) = postSolution
		{59AD6DE2-DE85-4883-8D2E-E21C59446689}.Debug|Any CPU.ActiveCfg = Debug|Any CPU
		{59AD6DE2-DE85-4883-8D2E-E21C59446689}.Debug|Any CPU.Build.0 = Debug|Any CPU
		{59AD6DE2-DE85-4883-8D2E-E21C59446689}.Release|Any CPU.ActiveCfg = Release|Any CPU
		{59AD6DE2-DE85-4883-8D2E-E21C59446689}.Release|Any CPU.Build.0 = Release|Any CPU
		{9EB54982-548B-4585-84D6-36B2516195B4}.Debug|Any CPU.ActiveCfg = Debug|Any CPU
		{9EB54982-548B-4585-84D6-36B2516195B4}.Debug|Any CPU.Build.0 = Debug|Any CPU
		{9EB54982-548B-4585-84D6-36B2516195B4}.Release|Any CPU.ActiveCfg = Release|Any CPU
		{9EB54982-548B-4585-84D6-36B2516195B4}.Release|Any CPU.Build.0 = Release|Any CPU
		{102A19A8-D407-49A3-A879-CF03A5FE4E98}.Debug|Any CPU.ActiveCfg = Debug|Any CPU
		{102A19A8-D407-49A3-A879-CF03A5FE4E98}.Debug|Any CPU.Build.0 = Debug|Any CPU
		{102A19A8-D407-49A3-A879-CF03A5FE4E98}.Release|Any CPU.ActiveCfg = Release|Any CPU
		{102A19A8-D407-49A3-A879-CF03A5FE4E98}.Release|Any CPU.Build.0 = Release|Any CPU
		{D3ED87E5-010D-4C02-A582-CC7900CA3F39}.Debug|Any CPU.ActiveCfg = Debug|Any CPU
		{D3ED87E5-010D-4C02-A582-CC7900CA3F39}.Debug|Any CPU.Build.0 = Debug|Any CPU
		{D3ED87E5-010D-4C02-A582-CC7900CA3F39}.Release|Any CPU.ActiveCfg = Release|Any CPU
		{D3ED87E5-010D-4C02-A582-CC7900CA3F39}.Release|Any CPU.Build.0 = Release|Any CPU
		{9CD5ECB7-B1DE-4D18-83A7-574053B1CA71}.Debug|Any CPU.ActiveCfg = Debug|Any CPU
		{9CD5ECB7-B1DE-4D18-83A7-574053B1CA71}.Debug|Any CPU.Build.0 = Debug|Any CPU
		{9CD5ECB7-B1DE-4D18-83A7-574053B1CA71}.Release|Any CPU.ActiveCfg = Release|Any CPU
		{9CD5ECB7-B1DE-4D18-83A7-574053B1CA71}.Release|Any CPU.Build.0 = Release|Any CPU
	EndGlobalSection
	GlobalSection(SolutionProperties) = preSolution
		HideSolutionNode = FALSE
	EndGlobalSection
	GlobalSection(ExtensibilityGlobals) = postSolution
		SolutionGuid = {CFABF0A7-1B83-4600-A261-0A2BB1BDAC14}
	EndGlobalSection
EndGlobal
